{
  "object": {
    "pins": [
      {
        "package": "FHExtensions",
        "repositoryURL": "https://github.com/FelixHerrmann/FHExtensions.git",
        "state": {
          "branch": null,
          "revision": "688f13cc442a35e3a0bafc94a18957b532f46c84",
          "version": "1.5.0"
        }
      }
    ]
  },
  "version": 1
}
