{
  "object": {
    "pins": [
      {
        "package": "FHExtensions",
        "repositoryURL": "https://github.com/FelixHerrmann/FHExtensions.git",
        "state": {
          "branch": null,
          "revision": "afa68971b81aa2c51e24d5b6bd8f6ba4df3d8930",
          "version": "1.6.6"
        }
      }
    ]
  },
  "version": 1
}
