{
  "object": {
    "pins": [
      {
        "package": "FHExtensions",
        "repositoryURL": "https://github.com/FelixHerrmann/FHExtensions",
        "state": {
          "branch": null,
          "revision": "2bad30eb01302adedd7bd0c9258646b3f199a4db",
          "version": "1.4.1"
        }
      }
    ]
  },
  "version": 1
}
